// !$*UTF8*$!
{
	archiveVersion = 1;
	classes = {
	};
	objectVersion = 51;
	objects = {

/* Begin PBXBuildFile section */
		311619F3277F3BD500D35115 /* MessageCell.swift in Sources */ = {isa = PBXBuildFile; fileRef = 311619F2277F3BD500D35115 /* MessageCell.swift */; };
		311619F5277F47B800D35115 /* Message.swift in Sources */ = {isa = PBXBuildFile; fileRef = 311619F4277F47B800D35115 /* Message.swift */; };
		311619F7277F4A7E00D35115 /* MessageViewModel.swift in Sources */ = {isa = PBXBuildFile; fileRef = 311619F6277F4A7E00D35115 /* MessageViewModel.swift */; };
		311619F9277F6D3900D35115 /* Constants.swift in Sources */ = {isa = PBXBuildFile; fileRef = 311619F8277F6D3900D35115 /* Constants.swift */; };
		311619FB277F817C00D35115 /* ConversationCell.swift in Sources */ = {isa = PBXBuildFile; fileRef = 311619FA277F817C00D35115 /* ConversationCell.swift */; };
		311619FD277F83F300D35115 /* ConversationViewModel.swift in Sources */ = {isa = PBXBuildFile; fileRef = 311619FC277F83F300D35115 /* ConversationViewModel.swift */; };
		311619FF277F858100D35115 /* ProfileController.swift in Sources */ = {isa = PBXBuildFile; fileRef = 311619FE277F858100D35115 /* ProfileController.swift */; };
		31161A01277F863C00D35115 /* ProfileHeader.swift in Sources */ = {isa = PBXBuildFile; fileRef = 31161A00277F863C00D35115 /* ProfileHeader.swift */; };
		31161A03277F90B400D35115 /* ProfileViewModel.swift in Sources */ = {isa = PBXBuildFile; fileRef = 31161A02277F90B400D35115 /* ProfileViewModel.swift */; };
		31161A05277F920100D35115 /* ProfileCell.swift in Sources */ = {isa = PBXBuildFile; fileRef = 31161A04277F920100D35115 /* ProfileCell.swift */; };
		31161A07277F964300D35115 /* ProfileFooter.swift in Sources */ = {isa = PBXBuildFile; fileRef = 31161A06277F964300D35115 /* ProfileFooter.swift */; };
		31920EF62770A02D00B2C3F7 /* AppDelegate.swift in Sources */ = {isa = PBXBuildFile; fileRef = 31920EF52770A02D00B2C3F7 /* AppDelegate.swift */; };
		31920EF82770A02D00B2C3F7 /* SceneDelegate.swift in Sources */ = {isa = PBXBuildFile; fileRef = 31920EF72770A02D00B2C3F7 /* SceneDelegate.swift */; };
		31920EFA2770A02D00B2C3F7 /* ViewController.swift in Sources */ = {isa = PBXBuildFile; fileRef = 31920EF92770A02D00B2C3F7 /* ViewController.swift */; };
		31920EFD2770A02D00B2C3F7 /* Main.storyboard in Resources */ = {isa = PBXBuildFile; fileRef = 31920EFB2770A02D00B2C3F7 /* Main.storyboard */; };
		31920EFF2770A03000B2C3F7 /* Assets.xcassets in Resources */ = {isa = PBXBuildFile; fileRef = 31920EFE2770A03000B2C3F7 /* Assets.xcassets */; };
		31920F022770A03000B2C3F7 /* LaunchScreen.storyboard in Resources */ = {isa = PBXBuildFile; fileRef = 31920F002770A03000B2C3F7 /* LaunchScreen.storyboard */; };
		31B4E74A2770C99700C5CC72 /* ConversationsController.swift in Sources */ = {isa = PBXBuildFile; fileRef = 31B4E7492770C99700C5CC72 /* ConversationsController.swift */; };
		31B4E74C2770D33600C5CC72 /* Extensions.swift in Sources */ = {isa = PBXBuildFile; fileRef = 31B4E74B2770D33600C5CC72 /* Extensions.swift */; };
		31B4E74F27712B0000C5CC72 /* LoginController.swift in Sources */ = {isa = PBXBuildFile; fileRef = 31B4E74E27712B0000C5CC72 /* LoginController.swift */; };
		31B4E75127712B1600C5CC72 /* RegistrationController.swift in Sources */ = {isa = PBXBuildFile; fileRef = 31B4E75027712B1600C5CC72 /* RegistrationController.swift */; };
		31B4E75427730C8800C5CC72 /* InputContainerView.swift in Sources */ = {isa = PBXBuildFile; fileRef = 31B4E75327730C8800C5CC72 /* InputContainerView.swift */; };
		31B4E75627730FFB00C5CC72 /* CustomTextField.swift in Sources */ = {isa = PBXBuildFile; fileRef = 31B4E75527730FFB00C5CC72 /* CustomTextField.swift */; };
		31B4E7A427782B4B00C5CC72 /* LoginViewModel.swift in Sources */ = {isa = PBXBuildFile; fileRef = 31B4E7A327782B4B00C5CC72 /* LoginViewModel.swift */; };
		31B4E7A6277834F900C5CC72 /* RegistrationViewModel.swift in Sources */ = {isa = PBXBuildFile; fileRef = 31B4E7A5277834F900C5CC72 /* RegistrationViewModel.swift */; };
		31B4E7A8277C888100C5CC72 /* GoogleService-Info.plist in Resources */ = {isa = PBXBuildFile; fileRef = 31B4E7A7277C888100C5CC72 /* GoogleService-Info.plist */; };
		31CE8C39277F057A006F383B /* AuthService.swift in Sources */ = {isa = PBXBuildFile; fileRef = 31CE8C38277F057A006F383B /* AuthService.swift */; };
		31CE8C3B277F12D0006F383B /* NewMessageController.swift in Sources */ = {isa = PBXBuildFile; fileRef = 31CE8C3A277F12D0006F383B /* NewMessageController.swift */; };
		31CE8C3D277F1CAC006F383B /* UserCell.swift in Sources */ = {isa = PBXBuildFile; fileRef = 31CE8C3C277F1CAC006F383B /* UserCell.swift */; };
		31CE8C3F277F207B006F383B /* User.swift in Sources */ = {isa = PBXBuildFile; fileRef = 31CE8C3E277F207B006F383B /* User.swift */; };
		31CE8C41277F20B2006F383B /* Service.swift in Sources */ = {isa = PBXBuildFile; fileRef = 31CE8C40277F20B2006F383B /* Service.swift */; };
		31CE8C43277F25C7006F383B /* ChatController.swift in Sources */ = {isa = PBXBuildFile; fileRef = 31CE8C42277F25C7006F383B /* ChatController.swift */; };
		31CE8C45277F28C4006F383B /* CustomInputAccessoryView.swift in Sources */ = {isa = PBXBuildFile; fileRef = 31CE8C44277F28C4006F383B /* CustomInputAccessoryView.swift */; };
		F5FF379B4957D3E15377F463 /* Pods_SwiftyChat.framework in Frameworks */ = {isa = PBXBuildFile; fileRef = 70D95229606B2E7736CED6F3 /* Pods_SwiftyChat.framework */; };
/* End PBXBuildFile section */

/* Begin PBXFileReference section */
		040F27D7D3819827CC76E8AC /* Pods-SwiftyChat.release.xcconfig */ = {isa = PBXFileReference; includeInIndex = 1; lastKnownFileType = text.xcconfig; name = "Pods-SwiftyChat.release.xcconfig"; path = "Target Support Files/Pods-SwiftyChat/Pods-SwiftyChat.release.xcconfig"; sourceTree = "<group>"; };
		311619F2277F3BD500D35115 /* MessageCell.swift */ = {isa = PBXFileReference; lastKnownFileType = sourcecode.swift; path = MessageCell.swift; sourceTree = "<group>"; };
		311619F4277F47B800D35115 /* Message.swift */ = {isa = PBXFileReference; lastKnownFileType = sourcecode.swift; path = Message.swift; sourceTree = "<group>"; };
		311619F6277F4A7E00D35115 /* MessageViewModel.swift */ = {isa = PBXFileReference; lastKnownFileType = sourcecode.swift; path = MessageViewModel.swift; sourceTree = "<group>"; };
		311619F8277F6D3900D35115 /* Constants.swift */ = {isa = PBXFileReference; lastKnownFileType = sourcecode.swift; path = Constants.swift; sourceTree = "<group>"; };
		311619FA277F817C00D35115 /* ConversationCell.swift */ = {isa = PBXFileReference; lastKnownFileType = sourcecode.swift; path = ConversationCell.swift; sourceTree = "<group>"; };
		311619FC277F83F300D35115 /* ConversationViewModel.swift */ = {isa = PBXFileReference; lastKnownFileType = sourcecode.swift; path = ConversationViewModel.swift; sourceTree = "<group>"; };
		311619FE277F858100D35115 /* ProfileController.swift */ = {isa = PBXFileReference; lastKnownFileType = sourcecode.swift; path = ProfileController.swift; sourceTree = "<group>"; };
		31161A00277F863C00D35115 /* ProfileHeader.swift */ = {isa = PBXFileReference; lastKnownFileType = sourcecode.swift; path = ProfileHeader.swift; sourceTree = "<group>"; };
		31161A02277F90B400D35115 /* ProfileViewModel.swift */ = {isa = PBXFileReference; lastKnownFileType = sourcecode.swift; path = ProfileViewModel.swift; sourceTree = "<group>"; };
		31161A04277F920100D35115 /* ProfileCell.swift */ = {isa = PBXFileReference; lastKnownFileType = sourcecode.swift; path = ProfileCell.swift; sourceTree = "<group>"; };
		31161A06277F964300D35115 /* ProfileFooter.swift */ = {isa = PBXFileReference; lastKnownFileType = sourcecode.swift; path = ProfileFooter.swift; sourceTree = "<group>"; };
		31920EF22770A02D00B2C3F7 /* SwiftyChat.app */ = {isa = PBXFileReference; explicitFileType = wrapper.application; includeInIndex = 0; path = SwiftyChat.app; sourceTree = BUILT_PRODUCTS_DIR; };
		31920EF52770A02D00B2C3F7 /* AppDelegate.swift */ = {isa = PBXFileReference; lastKnownFileType = sourcecode.swift; path = AppDelegate.swift; sourceTree = "<group>"; };
		31920EF72770A02D00B2C3F7 /* SceneDelegate.swift */ = {isa = PBXFileReference; lastKnownFileType = sourcecode.swift; path = SceneDelegate.swift; sourceTree = "<group>"; };
		31920EF92770A02D00B2C3F7 /* ViewController.swift */ = {isa = PBXFileReference; lastKnownFileType = sourcecode.swift; path = ViewController.swift; sourceTree = "<group>"; };
		31920EFC2770A02D00B2C3F7 /* Base */ = {isa = PBXFileReference; lastKnownFileType = file.storyboard; name = Base; path = Base.lproj/Main.storyboard; sourceTree = "<group>"; };
		31920EFE2770A03000B2C3F7 /* Assets.xcassets */ = {isa = PBXFileReference; lastKnownFileType = folder.assetcatalog; path = Assets.xcassets; sourceTree = "<group>"; };
		31920F012770A03000B2C3F7 /* Base */ = {isa = PBXFileReference; lastKnownFileType = file.storyboard; name = Base; path = Base.lproj/LaunchScreen.storyboard; sourceTree = "<group>"; };
		31920F032770A03000B2C3F7 /* Info.plist */ = {isa = PBXFileReference; lastKnownFileType = text.plist.xml; path = Info.plist; sourceTree = "<group>"; };
		31B4E7492770C99700C5CC72 /* ConversationsController.swift */ = {isa = PBXFileReference; lastKnownFileType = sourcecode.swift; path = ConversationsController.swift; sourceTree = "<group>"; };
		31B4E74B2770D33600C5CC72 /* Extensions.swift */ = {isa = PBXFileReference; lastKnownFileType = sourcecode.swift; path = Extensions.swift; sourceTree = "<group>"; };
		31B4E74E27712B0000C5CC72 /* LoginController.swift */ = {isa = PBXFileReference; lastKnownFileType = sourcecode.swift; path = LoginController.swift; sourceTree = "<group>"; };
		31B4E75027712B1600C5CC72 /* RegistrationController.swift */ = {isa = PBXFileReference; lastKnownFileType = sourcecode.swift; path = RegistrationController.swift; sourceTree = "<group>"; };
		31B4E75327730C8800C5CC72 /* InputContainerView.swift */ = {isa = PBXFileReference; lastKnownFileType = sourcecode.swift; path = InputContainerView.swift; sourceTree = "<group>"; };
		31B4E75527730FFB00C5CC72 /* CustomTextField.swift */ = {isa = PBXFileReference; lastKnownFileType = sourcecode.swift; path = CustomTextField.swift; sourceTree = "<group>"; };
		31B4E7A327782B4B00C5CC72 /* LoginViewModel.swift */ = {isa = PBXFileReference; lastKnownFileType = sourcecode.swift; path = LoginViewModel.swift; sourceTree = "<group>"; };
		31B4E7A5277834F900C5CC72 /* RegistrationViewModel.swift */ = {isa = PBXFileReference; lastKnownFileType = sourcecode.swift; path = RegistrationViewModel.swift; sourceTree = "<group>"; };
		31B4E7A7277C888100C5CC72 /* GoogleService-Info.plist */ = {isa = PBXFileReference; fileEncoding = 4; lastKnownFileType = text.plist.xml; path = "GoogleService-Info.plist"; sourceTree = "<group>"; };
		31CE8C38277F057A006F383B /* AuthService.swift */ = {isa = PBXFileReference; lastKnownFileType = sourcecode.swift; path = AuthService.swift; sourceTree = "<group>"; };
		31CE8C3A277F12D0006F383B /* NewMessageController.swift */ = {isa = PBXFileReference; lastKnownFileType = sourcecode.swift; path = NewMessageController.swift; sourceTree = "<group>"; };
		31CE8C3C277F1CAC006F383B /* UserCell.swift */ = {isa = PBXFileReference; lastKnownFileType = sourcecode.swift; path = UserCell.swift; sourceTree = "<group>"; };
		31CE8C3E277F207B006F383B /* User.swift */ = {isa = PBXFileReference; lastKnownFileType = sourcecode.swift; path = User.swift; sourceTree = "<group>"; };
		31CE8C40277F20B2006F383B /* Service.swift */ = {isa = PBXFileReference; lastKnownFileType = sourcecode.swift; path = Service.swift; sourceTree = "<group>"; };
		31CE8C42277F25C7006F383B /* ChatController.swift */ = {isa = PBXFileReference; lastKnownFileType = sourcecode.swift; path = ChatController.swift; sourceTree = "<group>"; };
		31CE8C44277F28C4006F383B /* CustomInputAccessoryView.swift */ = {isa = PBXFileReference; lastKnownFileType = sourcecode.swift; path = CustomInputAccessoryView.swift; sourceTree = "<group>"; };
		70D95229606B2E7736CED6F3 /* Pods_SwiftyChat.framework */ = {isa = PBXFileReference; explicitFileType = wrapper.framework; includeInIndex = 0; path = Pods_SwiftyChat.framework; sourceTree = BUILT_PRODUCTS_DIR; };
		E9051E4CB4CFAEBB66FE092F /* Pods-SwiftyChat.debug.xcconfig */ = {isa = PBXFileReference; includeInIndex = 1; lastKnownFileType = text.xcconfig; name = "Pods-SwiftyChat.debug.xcconfig"; path = "Target Support Files/Pods-SwiftyChat/Pods-SwiftyChat.debug.xcconfig"; sourceTree = "<group>"; };
/* End PBXFileReference section */

/* Begin PBXFrameworksBuildPhase section */
		31920EEF2770A02D00B2C3F7 /* Frameworks */ = {
			isa = PBXFrameworksBuildPhase;
			buildActionMask = 2147483647;
			files = (
				F5FF379B4957D3E15377F463 /* Pods_SwiftyChat.framework in Frameworks */,
			);
			runOnlyForDeploymentPostprocessing = 0;
		};
/* End PBXFrameworksBuildPhase section */

/* Begin PBXGroup section */
		31920EE92770A02D00B2C3F7 = {
			isa = PBXGroup;
			children = (
				31920EF42770A02D00B2C3F7 /* SwiftyChat */,
				31920EF32770A02D00B2C3F7 /* Products */,
				439CD651B91F4C4CE0B4CCCD /* Pods */,
				9FC180EF50564C0A3683BE95 /* Frameworks */,
			);
			sourceTree = "<group>";
		};
		31920EF32770A02D00B2C3F7 /* Products */ = {
			isa = PBXGroup;
			children = (
				31920EF22770A02D00B2C3F7 /* SwiftyChat.app */,
			);
			name = Products;
			sourceTree = "<group>";
		};
		31920EF42770A02D00B2C3F7 /* SwiftyChat */ = {
			isa = PBXGroup;
			children = (
				31920EF52770A02D00B2C3F7 /* AppDelegate.swift */,
				31920EF72770A02D00B2C3F7 /* SceneDelegate.swift */,
				31920EF92770A02D00B2C3F7 /* ViewController.swift */,
				31CE8C37277F056C006F383B /* API */,
				31B4E75227730C7100C5CC72 /* View */,
				31B4E7482770C91D00C5CC72 /* Resources */,
				31B4E7472770C91400C5CC72 /* ViewModel */,
				31B4E7462770C90900C5CC72 /* Controller */,
				31B4E7452770C90400C5CC72 /* Model */,
				31920EFB2770A02D00B2C3F7 /* Main.storyboard */,
				31920EFE2770A03000B2C3F7 /* Assets.xcassets */,
				31920F002770A03000B2C3F7 /* LaunchScreen.storyboard */,
				31920F032770A03000B2C3F7 /* Info.plist */,
				31B4E7A7277C888100C5CC72 /* GoogleService-Info.plist */,
			);
			path = SwiftyChat;
			sourceTree = "<group>";
		};
		31B4E7452770C90400C5CC72 /* Model */ = {
			isa = PBXGroup;
			children = (
				31CE8C3E277F207B006F383B /* User.swift */,
				311619F4277F47B800D35115 /* Message.swift */,
			);
			path = Model;
			sourceTree = "<group>";
		};
		31B4E7462770C90900C5CC72 /* Controller */ = {
			isa = PBXGroup;
			children = (
				31B4E74D27712AE400C5CC72 /* Authentication */,
				31B4E7492770C99700C5CC72 /* ConversationsController.swift */,
				31CE8C3A277F12D0006F383B /* NewMessageController.swift */,
				31CE8C42277F25C7006F383B /* ChatController.swift */,
				311619FE277F858100D35115 /* ProfileController.swift */,
			);
			path = Controller;
			sourceTree = "<group>";
		};
		31B4E7472770C91400C5CC72 /* ViewModel */ = {
			isa = PBXGroup;
			children = (
				31B4E7A327782B4B00C5CC72 /* LoginViewModel.swift */,
				31B4E7A5277834F900C5CC72 /* RegistrationViewModel.swift */,
				311619F6277F4A7E00D35115 /* MessageViewModel.swift */,
				311619FC277F83F300D35115 /* ConversationViewModel.swift */,
				31161A02277F90B400D35115 /* ProfileViewModel.swift */,
			);
			path = ViewModel;
			sourceTree = "<group>";
		};
		31B4E7482770C91D00C5CC72 /* Resources */ = {
			isa = PBXGroup;
			children = (
				31B4E74B2770D33600C5CC72 /* Extensions.swift */,
				311619F8277F6D3900D35115 /* Constants.swift */,
			);
			path = Resources;
			sourceTree = "<group>";
		};
		31B4E74D27712AE400C5CC72 /* Authentication */ = {
			isa = PBXGroup;
			children = (
				31B4E74E27712B0000C5CC72 /* LoginController.swift */,
				31B4E75027712B1600C5CC72 /* RegistrationController.swift */,
			);
			path = Authentication;
			sourceTree = "<group>";
		};
		31B4E75227730C7100C5CC72 /* View */ = {
			isa = PBXGroup;
			children = (
				31B4E75327730C8800C5CC72 /* InputContainerView.swift */,
				31CE8C44277F28C4006F383B /* CustomInputAccessoryView.swift */,
				31B4E75527730FFB00C5CC72 /* CustomTextField.swift */,
				31CE8C3C277F1CAC006F383B /* UserCell.swift */,
				311619FA277F817C00D35115 /* ConversationCell.swift */,
				311619F2277F3BD500D35115 /* MessageCell.swift */,
				31161A04277F920100D35115 /* ProfileCell.swift */,
				31161A00277F863C00D35115 /* ProfileHeader.swift */,
				31161A06277F964300D35115 /* ProfileFooter.swift */,
			);
			path = View;
			sourceTree = "<group>";
		};
		31CE8C37277F056C006F383B /* API */ = {
			isa = PBXGroup;
			children = (
				31CE8C38277F057A006F383B /* AuthService.swift */,
				31CE8C40277F20B2006F383B /* Service.swift */,
			);
			path = API;
			sourceTree = "<group>";
		};
		439CD651B91F4C4CE0B4CCCD /* Pods */ = {
			isa = PBXGroup;
			children = (
				E9051E4CB4CFAEBB66FE092F /* Pods-SwiftyChat.debug.xcconfig */,
				040F27D7D3819827CC76E8AC /* Pods-SwiftyChat.release.xcconfig */,
			);
			path = Pods;
			sourceTree = "<group>";
		};
		9FC180EF50564C0A3683BE95 /* Frameworks */ = {
			isa = PBXGroup;
			children = (
				70D95229606B2E7736CED6F3 /* Pods_SwiftyChat.framework */,
			);
			name = Frameworks;
			sourceTree = "<group>";
		};
/* End PBXGroup section */

/* Begin PBXNativeTarget section */
		31920EF12770A02D00B2C3F7 /* SwiftyChat */ = {
			isa = PBXNativeTarget;
			buildConfigurationList = 31920F062770A03000B2C3F7 /* Build configuration list for PBXNativeTarget "SwiftyChat" */;
			buildPhases = (
				15897AD8085D8B03DE103373 /* [CP] Check Pods Manifest.lock */,
				31920EEE2770A02D00B2C3F7 /* Sources */,
				31920EEF2770A02D00B2C3F7 /* Frameworks */,
				31920EF02770A02D00B2C3F7 /* Resources */,
				27CDB391FC629BB0C37E8D26 /* [CP] Embed Pods Frameworks */,
			);
			buildRules = (
			);
			dependencies = (
			);
			name = SwiftyChat;
			productName = SwiftyChat;
			productReference = 31920EF22770A02D00B2C3F7 /* SwiftyChat.app */;
			productType = "com.apple.product-type.application";
		};
/* End PBXNativeTarget section */

/* Begin PBXProject section */
		31920EEA2770A02D00B2C3F7 /* Project object */ = {
			isa = PBXProject;
			attributes = {
				LastSwiftUpdateCheck = 1250;
				LastUpgradeCheck = 1250;
				TargetAttributes = {
					31920EF12770A02D00B2C3F7 = {
						CreatedOnToolsVersion = 12.5.1;
					};
				};
			};
			buildConfigurationList = 31920EED2770A02D00B2C3F7 /* Build configuration list for PBXProject "SwiftyChat" */;
			compatibilityVersion = "Xcode 9.3";
			developmentRegion = en;
			hasScannedForEncodings = 0;
			knownRegions = (
				en,
				Base,
			);
			mainGroup = 31920EE92770A02D00B2C3F7;
			productRefGroup = 31920EF32770A02D00B2C3F7 /* Products */;
			projectDirPath = "";
			projectRoot = "";
			targets = (
				31920EF12770A02D00B2C3F7 /* SwiftyChat */,
			);
		};
/* End PBXProject section */

/* Begin PBXResourcesBuildPhase section */
		31920EF02770A02D00B2C3F7 /* Resources */ = {
			isa = PBXResourcesBuildPhase;
			buildActionMask = 2147483647;
			files = (
				31920F022770A03000B2C3F7 /* LaunchScreen.storyboard in Resources */,
				31B4E7A8277C888100C5CC72 /* GoogleService-Info.plist in Resources */,
				31920EFF2770A03000B2C3F7 /* Assets.xcassets in Resources */,
				31920EFD2770A02D00B2C3F7 /* Main.storyboard in Resources */,
			);
			runOnlyForDeploymentPostprocessing = 0;
		};
/* End PBXResourcesBuildPhase section */

/* Begin PBXShellScriptBuildPhase section */
		15897AD8085D8B03DE103373 /* [CP] Check Pods Manifest.lock */ = {
			isa = PBXShellScriptBuildPhase;
			buildActionMask = 2147483647;
			files = (
			);
			inputFileListPaths = (
			);
			inputPaths = (
				"${PODS_PODFILE_DIR_PATH}/Podfile.lock",
				"${PODS_ROOT}/Manifest.lock",
			);
			name = "[CP] Check Pods Manifest.lock";
			outputFileListPaths = (
			);
			outputPaths = (
				"$(DERIVED_FILE_DIR)/Pods-SwiftyChat-checkManifestLockResult.txt",
			);
			runOnlyForDeploymentPostprocessing = 0;
			shellPath = /bin/sh;
			shellScript = "diff \"${PODS_PODFILE_DIR_PATH}/Podfile.lock\" \"${PODS_ROOT}/Manifest.lock\" > /dev/null\nif [ $? != 0 ] ; then\n    # print error to STDERR\n    echo \"error: The sandbox is not in sync with the Podfile.lock. Run 'pod install' or update your CocoaPods installation.\" >&2\n    exit 1\nfi\n# This output is used by Xcode 'outputs' to avoid re-running this script phase.\necho \"SUCCESS\" > \"${SCRIPT_OUTPUT_FILE_0}\"\n";
			showEnvVarsInLog = 0;
		};
		27CDB391FC629BB0C37E8D26 /* [CP] Embed Pods Frameworks */ = {
			isa = PBXShellScriptBuildPhase;
			buildActionMask = 2147483647;
			files = (
			);
			inputFileListPaths = (
				"${PODS_ROOT}/Target Support Files/Pods-SwiftyChat/Pods-SwiftyChat-frameworks-${CONFIGURATION}-input-files.xcfilelist",
			);
			name = "[CP] Embed Pods Frameworks";
			outputFileListPaths = (
				"${PODS_ROOT}/Target Support Files/Pods-SwiftyChat/Pods-SwiftyChat-frameworks-${CONFIGURATION}-output-files.xcfilelist",
			);
			runOnlyForDeploymentPostprocessing = 0;
			shellPath = /bin/sh;
			shellScript = "\"${PODS_ROOT}/Target Support Files/Pods-SwiftyChat/Pods-SwiftyChat-frameworks.sh\"\n";
			showEnvVarsInLog = 0;
		};
/* End PBXShellScriptBuildPhase section */

/* Begin PBXSourcesBuildPhase section */
		31920EEE2770A02D00B2C3F7 /* Sources */ = {
			isa = PBXSourcesBuildPhase;
			buildActionMask = 2147483647;
			files = (
				311619FF277F858100D35115 /* ProfileController.swift in Sources */,
				31B4E75127712B1600C5CC72 /* RegistrationController.swift in Sources */,
				311619F9277F6D3900D35115 /* Constants.swift in Sources */,
				31161A03277F90B400D35115 /* ProfileViewModel.swift in Sources */,
				31B4E7A6277834F900C5CC72 /* RegistrationViewModel.swift in Sources */,
				31B4E75427730C8800C5CC72 /* InputContainerView.swift in Sources */,
				31CE8C39277F057A006F383B /* AuthService.swift in Sources */,
				311619F7277F4A7E00D35115 /* MessageViewModel.swift in Sources */,
				31161A07277F964300D35115 /* ProfileFooter.swift in Sources */,
				31B4E74C2770D33600C5CC72 /* Extensions.swift in Sources */,
				31B4E74F27712B0000C5CC72 /* LoginController.swift in Sources */,
				31CE8C3D277F1CAC006F383B /* UserCell.swift in Sources */,
				31920EFA2770A02D00B2C3F7 /* ViewController.swift in Sources */,
				31CE8C3F277F207B006F383B /* User.swift in Sources */,
				31161A05277F920100D35115 /* ProfileCell.swift in Sources */,
				31CE8C41277F20B2006F383B /* Service.swift in Sources */,
				311619F3277F3BD500D35115 /* MessageCell.swift in Sources */,
				311619FD277F83F300D35115 /* ConversationViewModel.swift in Sources */,
				31920EF62770A02D00B2C3F7 /* AppDelegate.swift in Sources */,
				31B4E74A2770C99700C5CC72 /* ConversationsController.swift in Sources */,
				31920EF82770A02D00B2C3F7 /* SceneDelegate.swift in Sources */,
				31161A01277F863C00D35115 /* ProfileHeader.swift in Sources */,
				31B4E7A427782B4B00C5CC72 /* LoginViewModel.swift in Sources */,
				31CE8C43277F25C7006F383B /* ChatController.swift in Sources */,
				31B4E75627730FFB00C5CC72 /* CustomTextField.swift in Sources */,
				311619FB277F817C00D35115 /* ConversationCell.swift in Sources */,
				311619F5277F47B800D35115 /* Message.swift in Sources */,
				31CE8C3B277F12D0006F383B /* NewMessageController.swift in Sources */,
				31CE8C45277F28C4006F383B /* CustomInputAccessoryView.swift in Sources */,
			);
			runOnlyForDeploymentPostprocessing = 0;
		};
/* End PBXSourcesBuildPhase section */

/* Begin PBXVariantGroup section */
		31920EFB2770A02D00B2C3F7 /* Main.storyboard */ = {
			isa = PBXVariantGroup;
			children = (
				31920EFC2770A02D00B2C3F7 /* Base */,
			);
			name = Main.storyboard;
			sourceTree = "<group>";
		};
		31920F002770A03000B2C3F7 /* LaunchScreen.storyboard */ = {
			isa = PBXVariantGroup;
			children = (
				31920F012770A03000B2C3F7 /* Base */,
			);
			name = LaunchScreen.storyboard;
			sourceTree = "<group>";
		};
/* End PBXVariantGroup section */

/* Begin XCBuildConfiguration section */
		31920F042770A03000B2C3F7 /* Debug */ = {
			isa = XCBuildConfiguration;
			buildSettings = {
				ALWAYS_SEARCH_USER_PATHS = NO;
				CLANG_ANALYZER_NONNULL = YES;
				CLANG_ANALYZER_NUMBER_OBJECT_CONVERSION = YES_AGGRESSIVE;
				CLANG_CXX_LANGUAGE_STANDARD = "gnu++14";
				CLANG_CXX_LIBRARY = "libc++";
				CLANG_ENABLE_MODULES = YES;
				CLANG_ENABLE_OBJC_ARC = YES;
				CLANG_ENABLE_OBJC_WEAK = YES;
				CLANG_WARN_BLOCK_CAPTURE_AUTORELEASING = YES;
				CLANG_WARN_BOOL_CONVERSION = YES;
				CLANG_WARN_COMMA = YES;
				CLANG_WARN_CONSTANT_CONVERSION = YES;
				CLANG_WARN_DEPRECATED_OBJC_IMPLEMENTATIONS = YES;
				CLANG_WARN_DIRECT_OBJC_ISA_USAGE = YES_ERROR;
				CLANG_WARN_DOCUMENTATION_COMMENTS = YES;
				CLANG_WARN_EMPTY_BODY = YES;
				CLANG_WARN_ENUM_CONVERSION = YES;
				CLANG_WARN_INFINITE_RECURSION = YES;
				CLANG_WARN_INT_CONVERSION = YES;
				CLANG_WARN_NON_LITERAL_NULL_CONVERSION = YES;
				CLANG_WARN_OBJC_IMPLICIT_RETAIN_SELF = YES;
				CLANG_WARN_OBJC_LITERAL_CONVERSION = YES;
				CLANG_WARN_OBJC_ROOT_CLASS = YES_ERROR;
				CLANG_WARN_QUOTED_INCLUDE_IN_FRAMEWORK_HEADER = YES;
				CLANG_WARN_RANGE_LOOP_ANALYSIS = YES;
				CLANG_WARN_STRICT_PROTOTYPES = YES;
				CLANG_WARN_SUSPICIOUS_MOVE = YES;
				CLANG_WARN_UNGUARDED_AVAILABILITY = YES_AGGRESSIVE;
				CLANG_WARN_UNREACHABLE_CODE = YES;
				CLANG_WARN__DUPLICATE_METHOD_MATCH = YES;
				COPY_PHASE_STRIP = NO;
				DEBUG_INFORMATION_FORMAT = dwarf;
				ENABLE_STRICT_OBJC_MSGSEND = YES;
				ENABLE_TESTABILITY = YES;
				GCC_C_LANGUAGE_STANDARD = gnu11;
				GCC_DYNAMIC_NO_PIC = NO;
				GCC_NO_COMMON_BLOCKS = YES;
				GCC_OPTIMIZATION_LEVEL = 0;
				GCC_PREPROCESSOR_DEFINITIONS = (
					"DEBUG=1",
					"$(inherited)",
				);
				GCC_WARN_64_TO_32_BIT_CONVERSION = YES;
				GCC_WARN_ABOUT_RETURN_TYPE = YES_ERROR;
				GCC_WARN_UNDECLARED_SELECTOR = YES;
				GCC_WARN_UNINITIALIZED_AUTOS = YES_AGGRESSIVE;
				GCC_WARN_UNUSED_FUNCTION = YES;
				GCC_WARN_UNUSED_VARIABLE = YES;
				IPHONEOS_DEPLOYMENT_TARGET = 14.5;
				MTL_ENABLE_DEBUG_INFO = INCLUDE_SOURCE;
				MTL_FAST_MATH = YES;
				ONLY_ACTIVE_ARCH = YES;
				SDKROOT = iphoneos;
				SWIFT_ACTIVE_COMPILATION_CONDITIONS = DEBUG;
				SWIFT_OPTIMIZATION_LEVEL = "-Onone";
			};
			name = Debug;
		};
		31920F052770A03000B2C3F7 /* Release */ = {
			isa = XCBuildConfiguration;
			buildSettings = {
				ALWAYS_SEARCH_USER_PATHS = NO;
				CLANG_ANALYZER_NONNULL = YES;
				CLANG_ANALYZER_NUMBER_OBJECT_CONVERSION = YES_AGGRESSIVE;
				CLANG_CXX_LANGUAGE_STANDARD = "gnu++14";
				CLANG_CXX_LIBRARY = "libc++";
				CLANG_ENABLE_MODULES = YES;
				CLANG_ENABLE_OBJC_ARC = YES;
				CLANG_ENABLE_OBJC_WEAK = YES;
				CLANG_WARN_BLOCK_CAPTURE_AUTORELEASING = YES;
				CLANG_WARN_BOOL_CONVERSION = YES;
				CLANG_WARN_COMMA = YES;
				CLANG_WARN_CONSTANT_CONVERSION = YES;
				CLANG_WARN_DEPRECATED_OBJC_IMPLEMENTATIONS = YES;
				CLANG_WARN_DIRECT_OBJC_ISA_USAGE = YES_ERROR;
				CLANG_WARN_DOCUMENTATION_COMMENTS = YES;
				CLANG_WARN_EMPTY_BODY = YES;
				CLANG_WARN_ENUM_CONVERSION = YES;
				CLANG_WARN_INFINITE_RECURSION = YES;
				CLANG_WARN_INT_CONVERSION = YES;
				CLANG_WARN_NON_LITERAL_NULL_CONVERSION = YES;
				CLANG_WARN_OBJC_IMPLICIT_RETAIN_SELF = YES;
				CLANG_WARN_OBJC_LITERAL_CONVERSION = YES;
				CLANG_WARN_OBJC_ROOT_CLASS = YES_ERROR;
				CLANG_WARN_QUOTED_INCLUDE_IN_FRAMEWORK_HEADER = YES;
				CLANG_WARN_RANGE_LOOP_ANALYSIS = YES;
				CLANG_WARN_STRICT_PROTOTYPES = YES;
				CLANG_WARN_SUSPICIOUS_MOVE = YES;
				CLANG_WARN_UNGUARDED_AVAILABILITY = YES_AGGRESSIVE;
				CLANG_WARN_UNREACHABLE_CODE = YES;
				CLANG_WARN__DUPLICATE_METHOD_MATCH = YES;
				COPY_PHASE_STRIP = NO;
				DEBUG_INFORMATION_FORMAT = "dwarf-with-dsym";
				ENABLE_NS_ASSERTIONS = NO;
				ENABLE_STRICT_OBJC_MSGSEND = YES;
				GCC_C_LANGUAGE_STANDARD = gnu11;
				GCC_NO_COMMON_BLOCKS = YES;
				GCC_WARN_64_TO_32_BIT_CONVERSION = YES;
				GCC_WARN_ABOUT_RETURN_TYPE = YES_ERROR;
				GCC_WARN_UNDECLARED_SELECTOR = YES;
				GCC_WARN_UNINITIALIZED_AUTOS = YES_AGGRESSIVE;
				GCC_WARN_UNUSED_FUNCTION = YES;
				GCC_WARN_UNUSED_VARIABLE = YES;
				IPHONEOS_DEPLOYMENT_TARGET = 14.5;
				MTL_ENABLE_DEBUG_INFO = NO;
				MTL_FAST_MATH = YES;
				SDKROOT = iphoneos;
				SWIFT_COMPILATION_MODE = wholemodule;
				SWIFT_OPTIMIZATION_LEVEL = "-O";
				VALIDATE_PRODUCT = YES;
			};
			name = Release;
		};
		31920F072770A03000B2C3F7 /* Debug */ = {
			isa = XCBuildConfiguration;
			baseConfigurationReference = E9051E4CB4CFAEBB66FE092F /* Pods-SwiftyChat.debug.xcconfig */;
			buildSettings = {
				ASSETCATALOG_COMPILER_APPICON_NAME = AppIcon;
				ASSETCATALOG_COMPILER_GLOBAL_ACCENT_COLOR_NAME = AccentColor;
				CODE_SIGN_STYLE = Automatic;
				DEVELOPMENT_TEAM = S6V29A8HUW;
				INFOPLIST_FILE = SwiftyChat/Info.plist;
				LD_RUNPATH_SEARCH_PATHS = (
					"$(inherited)",
					"@executable_path/Frameworks",
				);
				PRODUCT_BUNDLE_IDENTIFIER = com.john.SwiftyChat;
				PRODUCT_NAME = "$(TARGET_NAME)";
				SWIFT_VERSION = 5.0;
				TARGETED_DEVICE_FAMILY = "1,2";
			};
			name = Debug;
		};
		31920F082770A03000B2C3F7 /* Release */ = {
			isa = XCBuildConfiguration;
			baseConfigurationReference = 040F27D7D3819827CC76E8AC /* Pods-SwiftyChat.release.xcconfig */;
			buildSettings = {
				ASSETCATALOG_COMPILER_APPICON_NAME = AppIcon;
				ASSETCATALOG_COMPILER_GLOBAL_ACCENT_COLOR_NAME = AccentColor;
				CODE_SIGN_STYLE = Automatic;
				DEVELOPMENT_TEAM = S6V29A8HUW;
				INFOPLIST_FILE = SwiftyChat/Info.plist;
				LD_RUNPATH_SEARCH_PATHS = (
					"$(inherited)",
					"@executable_path/Frameworks",
				);
				PRODUCT_BUNDLE_IDENTIFIER = com.john.SwiftyChat;
				PRODUCT_NAME = "$(TARGET_NAME)";
				SWIFT_VERSION = 5.0;
				TARGETED_DEVICE_FAMILY = "1,2";
			};
			name = Release;
		};
/* End XCBuildConfiguration section */

/* Begin XCConfigurationList section */
		31920EED2770A02D00B2C3F7 /* Build configuration list for PBXProject "SwiftyChat" */ = {
			isa = XCConfigurationList;
			buildConfigurations = (
				31920F042770A03000B2C3F7 /* Debug */,
				31920F052770A03000B2C3F7 /* Release */,
			);
			defaultConfigurationIsVisible = 0;
			defaultConfigurationName = Release;
		};
		31920F062770A03000B2C3F7 /* Build configuration list for PBXNativeTarget "SwiftyChat" */ = {
			isa = XCConfigurationList;
			buildConfigurations = (
				31920F072770A03000B2C3F7 /* Debug */,
				31920F082770A03000B2C3F7 /* Release */,
			);
			defaultConfigurationIsVisible = 0;
			defaultConfigurationName = Release;
		};
/* End XCConfigurationList section */
	};
	rootObject = 31920EEA2770A02D00B2C3F7 /* Project object */;
}
